
Microsoft Visual Studio Solution File, Format Version 12.00
# Visual Studio Version 17
VisualStudioVersion = 17.3.32929.385
MinimumVisualStudioVersion = 10.0.40219.1
Project("{FAE04EC0-301F-11D3-BF4B-00C04F79EFBC}") = "MathLibrary", "MathLibrary\MathLibrary.csproj", "{0719216C-DBCA-46D6-B51F-8A2560D3B82D}"
EndProject
Project("{FAE04EC0-301F-11D3-BF4B-00C04F79EFBC}") = "UnitTest", "UnitTest\UnitTest.csproj", "{C3AF19EA-25CD-4D8D-AF36-0F8902137F19}"
EndProject
Project("{FAE04EC0-301F-11D3-BF4B-00C04F79EFBC}") = "сщтыщду", "сщтыщду\сщтыщду.csproj", "{08C6D4DC-6002-44B6-8911-32719BA9BE5F}"
EndProject
Global
	GlobalSection(SolutionConfigurationPlatforms) = preSolution
		Debug|Any CPU = Debug|Any CPU
		Release|Any CPU = Release|Any CPU
	EndGlobalSection
	GlobalSection(ProjectConfigurationPlatforms) = postSolution
		{0719216C-DBCA-46D6-B51F-8A2560D3B82D}.Debug|Any CPU.ActiveCfg = Debug|Any CPU
		{0719216C-DBCA-46D6-B51F-8A2560D3B82D}.Debug|Any CPU.Build.0 = Debug|Any CPU
		{0719216C-DBCA-46D6-B51F-8A2560D3B82D}.Release|Any CPU.ActiveCfg = Release|Any CPU
		{0719216C-DBCA-46D6-B51F-8A2560D3B82D}.Release|Any CPU.Build.0 = Release|Any CPU
		{C3AF19EA-25CD-4D8D-AF36-0F8902137F19}.Debug|Any CPU.ActiveCfg = Debug|Any CPU
		{C3AF19EA-25CD-4D8D-AF36-0F8902137F19}.Debug|Any CPU.Build.0 = Debug|Any CPU
		{C3AF19EA-25CD-4D8D-AF36-0F8902137F19}.Release|Any CPU.ActiveCfg = Release|Any CPU
		{C3AF19EA-25CD-4D8D-AF36-0F8902137F19}.Release|Any CPU.Build.0 = Release|Any CPU
		{08C6D4DC-6002-44B6-8911-32719BA9BE5F}.Debug|Any CPU.ActiveCfg = Debug|Any CPU
		{08C6D4DC-6002-44B6-8911-32719BA9BE5F}.Debug|Any CPU.Build.0 = Debug|Any CPU
		{08C6D4DC-6002-44B6-8911-32719BA9BE5F}.Release|Any CPU.ActiveCfg = Release|Any CPU
		{08C6D4DC-6002-44B6-8911-32719BA9BE5F}.Release|Any CPU.Build.0 = Release|Any CPU
	EndGlobalSection
	GlobalSection(SolutionProperties) = preSolution
		HideSolutionNode = FALSE
	EndGlobalSection
	GlobalSection(ExtensibilityGlobals) = postSolution
		SolutionGuid = {BA6A3244-7629-458F-AA98-971B23EB3BCE}
	EndGlobalSection
EndGlobal
